
Microsoft Visual Studio Solution File, Format Version 12.00
# Visual Studio Version 16
VisualStudioVersion = 16.0.30406.217
MinimumVisualStudioVersion = 10.0.40219.1
Project("{2150E333-8FDC-42A3-9474-1A3956D46DE8}") = "src", "src", "{C035FCB2-6FF5-4A52-8175-01CC23FA257C}"
EndProject
Project("{2150E333-8FDC-42A3-9474-1A3956D46DE8}") = "tests", "tests", "{18F62298-ECA2-4010-A703-5F3924216AE6}"
EndProject
Project("{9A19103F-16F7-4668-BE54-9A1E7A4F7556}") = "TonClient", "src\TonClient.csproj", "{ABDB59F1-AC8D-495F-AFEF-AA80F4FA0159}"
EndProject
Project("{9A19103F-16F7-4668-BE54-9A1E7A4F7556}") = "TonClient.Tests", "tests\TonClient.Tests.csproj", "{6DEC18C9-41C4-4452-8CE5-2808EA9977BA}"
EndProject
Global
	GlobalSection(SolutionConfigurationPlatforms) = preSolution
		Debug|Any CPU = Debug|Any CPU
		Release|Any CPU = Release|Any CPU
	EndGlobalSection
	GlobalSection(ProjectConfigurationPlatforms) = postSolution
		{ABDB59F1-AC8D-495F-AFEF-AA80F4FA0159}.Debug|Any CPU.ActiveCfg = Debug|Any CPU
		{ABDB59F1-AC8D-495F-AFEF-AA80F4FA0159}.Debug|Any CPU.Build.0 = Debug|Any CPU
		{ABDB59F1-AC8D-495F-AFEF-AA80F4FA0159}.Release|Any CPU.ActiveCfg = Release|Any CPU
		{ABDB59F1-AC8D-495F-AFEF-AA80F4FA0159}.Release|Any CPU.Build.0 = Release|Any CPU
		{6DEC18C9-41C4-4452-8CE5-2808EA9977BA}.Debug|Any CPU.ActiveCfg = Debug|Any CPU
		{6DEC18C9-41C4-4452-8CE5-2808EA9977BA}.Debug|Any CPU.Build.0 = Debug|Any CPU
		{6DEC18C9-41C4-4452-8CE5-2808EA9977BA}.Release|Any CPU.ActiveCfg = Release|Any CPU
		{6DEC18C9-41C4-4452-8CE5-2808EA9977BA}.Release|Any CPU.Build.0 = Release|Any CPU
	EndGlobalSection
	GlobalSection(SolutionProperties) = preSolution
		HideSolutionNode = FALSE
	EndGlobalSection
	GlobalSection(NestedProjects) = preSolution
		{ABDB59F1-AC8D-495F-AFEF-AA80F4FA0159} = {C035FCB2-6FF5-4A52-8175-01CC23FA257C}
		{6DEC18C9-41C4-4452-8CE5-2808EA9977BA} = {18F62298-ECA2-4010-A703-5F3924216AE6}
	EndGlobalSection
	GlobalSection(ExtensibilityGlobals) = postSolution
		SolutionGuid = {C1294C42-8EA0-4922-A6F3-E76CBE544D16}
	EndGlobalSection
EndGlobal
